// !$*UTF8*$!
{
	archiveVersion = 1;
	classes = {
	};
	objectVersion = 46;
	objects = {

/* Begin PBXBuildFile section */
		66DAA5DA19D0FBF000D02D89 /* Foundation.framework in Frameworks */ = {isa = PBXBuildFile; fileRef = 66DAA5D919D0FBF000D02D89 /* Foundation.framework */; };
		66DAA5DC19D0FBF000D02D89 /* CoreGraphics.framework in Frameworks */ = {isa = PBXBuildFile; fileRef = 66DAA5DB19D0FBF000D02D89 /* CoreGraphics.framework */; };
		66DAA5DE19D0FBF000D02D89 /* UIKit.framework in Frameworks */ = {isa = PBXBuildFile; fileRef = 66DAA5DD19D0FBF000D02D89 /* UIKit.framework */; };
		66DAA5E419D0FBF000D02D89 /* InfoPlist.strings in Resources */ = {isa = PBXBuildFile; fileRef = 66DAA5E219D0FBF000D02D89 /* InfoPlist.strings */; };
		66DAA5E619D0FBF000D02D89 /* main.m in Sources */ = {isa = PBXBuildFile; fileRef = 66DAA5E519D0FBF000D02D89 /* main.m */; };
		66DAA5EA19D0FBF000D02D89 /* AppDelegate.m in Sources */ = {isa = PBXBuildFile; fileRef = 66DAA5E919D0FBF000D02D89 /* AppDelegate.m */; };
		66DAA5EC19D0FBF000D02D89 /* Images.xcassets in Resources */ = {isa = PBXBuildFile; fileRef = 66DAA5EB19D0FBF000D02D89 /* Images.xcassets */; };
		66DAA5F319D0FBF000D02D89 /* XCTest.framework in Frameworks */ = {isa = PBXBuildFile; fileRef = 66DAA5F219D0FBF000D02D89 /* XCTest.framework */; };
		66DAA5F419D0FBF000D02D89 /* Foundation.framework in Frameworks */ = {isa = PBXBuildFile; fileRef = 66DAA5D919D0FBF000D02D89 /* Foundation.framework */; };
		66DAA5F519D0FBF000D02D89 /* UIKit.framework in Frameworks */ = {isa = PBXBuildFile; fileRef = 66DAA5DD19D0FBF000D02D89 /* UIKit.framework */; };
		66DAA5FD19D0FBF000D02D89 /* InfoPlist.strings in Resources */ = {isa = PBXBuildFile; fileRef = 66DAA5FB19D0FBF000D02D89 /* InfoPlist.strings */; };
		66DAA5FF19D0FBF000D02D89 /* LoveLifeTests.m in Sources */ = {isa = PBXBuildFile; fileRef = 66DAA5FE19D0FBF000D02D89 /* LoveLifeTests.m */; };
		66DAA60B19D1004500D02D89 /* BaseNavigationController.m in Sources */ = {isa = PBXBuildFile; fileRef = 66DAA60A19D1004500D02D89 /* BaseNavigationController.m */; };
		66DAA60E19D100BD00D02D89 /* BaseTabBarController.m in Sources */ = {isa = PBXBuildFile; fileRef = 66DAA60D19D100BD00D02D89 /* BaseTabBarController.m */; };
		66DAA61119D100D900D02D89 /* BaseViewController.m in Sources */ = {isa = PBXBuildFile; fileRef = 66DAA61019D100D900D02D89 /* BaseViewController.m */; };
		66DAA61F19D1094C00D02D89 /* icon_tuangou_selected@2x.png in Resources */ = {isa = PBXBuildFile; fileRef = 66DAA61D19D1094C00D02D89 /* icon_tuangou_selected@2x.png */; };
		66DAA62019D1094C00D02D89 /* icon_tuangou@2x.png in Resources */ = {isa = PBXBuildFile; fileRef = 66DAA61E19D1094C00D02D89 /* icon_tuangou@2x.png */; };
		66DAA62319D109C600D02D89 /* icon_near_selected@2x.png in Resources */ = {isa = PBXBuildFile; fileRef = 66DAA62119D109C600D02D89 /* icon_near_selected@2x.png */; };
		66DAA62419D109C600D02D89 /* icon_near@2x.png in Resources */ = {isa = PBXBuildFile; fileRef = 66DAA62219D109C600D02D89 /* icon_near@2x.png */; };
		66DAA62719D10AA300D02D89 /* icon_my_selected@2x.png in Resources */ = {isa = PBXBuildFile; fileRef = 66DAA62519D10AA300D02D89 /* icon_my_selected@2x.png */; };
		66DAA62819D10AA300D02D89 /* icon_my@2x.png in Resources */ = {isa = PBXBuildFile; fileRef = 66DAA62619D10AA300D02D89 /* icon_my@2x.png */; };
		66DAA62B19D10AAD00D02D89 /* icon_more_selected@2x.png in Resources */ = {isa = PBXBuildFile; fileRef = 66DAA62919D10AAD00D02D89 /* icon_more_selected@2x.png */; };
		66DAA62C19D10AAD00D02D89 /* icon_more@2x.png in Resources */ = {isa = PBXBuildFile; fileRef = 66DAA62A19D10AAD00D02D89 /* icon_more@2x.png */; };
		66DAA63019D10DAC00D02D89 /* TuanViewController.m in Sources */ = {isa = PBXBuildFile; fileRef = 66DAA62F19D10DAC00D02D89 /* TuanViewController.m */; };
		66DAA63719D10E1300D02D89 /* NearViewController.m in Sources */ = {isa = PBXBuildFile; fileRef = 66DAA63619D10E1300D02D89 /* NearViewController.m */; };
		66DAA63A19D10E1C00D02D89 /* MyViewController.m in Sources */ = {isa = PBXBuildFile; fileRef = 66DAA63919D10E1C00D02D89 /* MyViewController.m */; };
		66DAA63D19D10E2500D02D89 /* MoreViewController.m in Sources */ = {isa = PBXBuildFile; fileRef = 66DAA63C19D10E2500D02D89 /* MoreViewController.m */; };
/* End PBXBuildFile section */

/* Begin PBXContainerItemProxy section */
		66DAA5F619D0FBF000D02D89 /* PBXContainerItemProxy */ = {
			isa = PBXContainerItemProxy;
			containerPortal = 66DAA5CE19D0FBF000D02D89 /* Project object */;
			proxyType = 1;
			remoteGlobalIDString = 66DAA5D519D0FBF000D02D89;
			remoteInfo = LoveLife;
		};
/* End PBXContainerItemProxy section */

/* Begin PBXFileReference section */
		66DAA5D619D0FBF000D02D89 /* LoveLife.app */ = {isa = PBXFileReference; explicitFileType = wrapper.application; includeInIndex = 0; path = LoveLife.app; sourceTree = BUILT_PRODUCTS_DIR; };
		66DAA5D919D0FBF000D02D89 /* Foundation.framework */ = {isa = PBXFileReference; lastKnownFileType = wrapper.framework; name = Foundation.framework; path = System/Library/Frameworks/Foundation.framework; sourceTree = SDKROOT; };
		66DAA5DB19D0FBF000D02D89 /* CoreGraphics.framework */ = {isa = PBXFileReference; lastKnownFileType = wrapper.framework; name = CoreGraphics.framework; path = System/Library/Frameworks/CoreGraphics.framework; sourceTree = SDKROOT; };
		66DAA5DD19D0FBF000D02D89 /* UIKit.framework */ = {isa = PBXFileReference; lastKnownFileType = wrapper.framework; name = UIKit.framework; path = System/Library/Frameworks/UIKit.framework; sourceTree = SDKROOT; };
		66DAA5E119D0FBF000D02D89 /* LoveLife-Info.plist */ = {isa = PBXFileReference; lastKnownFileType = text.plist.xml; path = "LoveLife-Info.plist"; sourceTree = "<group>"; };
		66DAA5E319D0FBF000D02D89 /* en */ = {isa = PBXFileReference; lastKnownFileType = text.plist.strings; name = en; path = en.lproj/InfoPlist.strings; sourceTree = "<group>"; };
		66DAA5E519D0FBF000D02D89 /* main.m */ = {isa = PBXFileReference; lastKnownFileType = sourcecode.c.objc; path = main.m; sourceTree = "<group>"; };
		66DAA5E719D0FBF000D02D89 /* LoveLife-Prefix.pch */ = {isa = PBXFileReference; lastKnownFileType = sourcecode.c.h; path = "LoveLife-Prefix.pch"; sourceTree = "<group>"; };
		66DAA5E819D0FBF000D02D89 /* AppDelegate.h */ = {isa = PBXFileReference; lastKnownFileType = sourcecode.c.h; path = AppDelegate.h; sourceTree = "<group>"; };
		66DAA5E919D0FBF000D02D89 /* AppDelegate.m */ = {isa = PBXFileReference; lastKnownFileType = sourcecode.c.objc; path = AppDelegate.m; sourceTree = "<group>"; };
		66DAA5EB19D0FBF000D02D89 /* Images.xcassets */ = {isa = PBXFileReference; lastKnownFileType = folder.assetcatalog; path = Images.xcassets; sourceTree = "<group>"; };
		66DAA5F119D0FBF000D02D89 /* LoveLifeTests.xctest */ = {isa = PBXFileReference; explicitFileType = wrapper.cfbundle; includeInIndex = 0; path = LoveLifeTests.xctest; sourceTree = BUILT_PRODUCTS_DIR; };
		66DAA5F219D0FBF000D02D89 /* XCTest.framework */ = {isa = PBXFileReference; lastKnownFileType = wrapper.framework; name = XCTest.framework; path = Library/Frameworks/XCTest.framework; sourceTree = DEVELOPER_DIR; };
		66DAA5FA19D0FBF000D02D89 /* LoveLifeTests-Info.plist */ = {isa = PBXFileReference; lastKnownFileType = text.plist.xml; path = "LoveLifeTests-Info.plist"; sourceTree = "<group>"; };
		66DAA5FC19D0FBF000D02D89 /* en */ = {isa = PBXFileReference; lastKnownFileType = text.plist.strings; name = en; path = en.lproj/InfoPlist.strings; sourceTree = "<group>"; };
		66DAA5FE19D0FBF000D02D89 /* LoveLifeTests.m */ = {isa = PBXFileReference; lastKnownFileType = sourcecode.c.objc; path = LoveLifeTests.m; sourceTree = "<group>"; };
		66DAA60919D1004500D02D89 /* BaseNavigationController.h */ = {isa = PBXFileReference; fileEncoding = 4; lastKnownFileType = sourcecode.c.h; path = BaseNavigationController.h; sourceTree = "<group>"; };
		66DAA60A19D1004500D02D89 /* BaseNavigationController.m */ = {isa = PBXFileReference; fileEncoding = 4; lastKnownFileType = sourcecode.c.objc; path = BaseNavigationController.m; sourceTree = "<group>"; };
		66DAA60C19D100BD00D02D89 /* BaseTabBarController.h */ = {isa = PBXFileReference; fileEncoding = 4; lastKnownFileType = sourcecode.c.h; path = BaseTabBarController.h; sourceTree = "<group>"; };
		66DAA60D19D100BD00D02D89 /* BaseTabBarController.m */ = {isa = PBXFileReference; fileEncoding = 4; lastKnownFileType = sourcecode.c.objc; path = BaseTabBarController.m; sourceTree = "<group>"; };
		66DAA60F19D100D900D02D89 /* BaseViewController.h */ = {isa = PBXFileReference; fileEncoding = 4; lastKnownFileType = sourcecode.c.h; path = BaseViewController.h; sourceTree = "<group>"; };
		66DAA61019D100D900D02D89 /* BaseViewController.m */ = {isa = PBXFileReference; fileEncoding = 4; lastKnownFileType = sourcecode.c.objc; path = BaseViewController.m; sourceTree = "<group>"; };
		66DAA61319D1010800D02D89 /* Global.h */ = {isa = PBXFileReference; lastKnownFileType = sourcecode.c.h; path = Global.h; sourceTree = "<group>"; };
		66DAA61D19D1094C00D02D89 /* icon_tuangou_selected@2x.png */ = {isa = PBXFileReference; lastKnownFileType = image.png; path = "icon_tuangou_selected@2x.png"; sourceTree = "<group>"; };
		66DAA61E19D1094C00D02D89 /* icon_tuangou@2x.png */ = {isa = PBXFileReference; lastKnownFileType = image.png; path = "icon_tuangou@2x.png"; sourceTree = "<group>"; };
		66DAA62119D109C600D02D89 /* icon_near_selected@2x.png */ = {isa = PBXFileReference; lastKnownFileType = image.png; path = "icon_near_selected@2x.png"; sourceTree = "<group>"; };
		66DAA62219D109C600D02D89 /* icon_near@2x.png */ = {isa = PBXFileReference; lastKnownFileType = image.png; path = "icon_near@2x.png"; sourceTree = "<group>"; };
		66DAA62519D10AA300D02D89 /* icon_my_selected@2x.png */ = {isa = PBXFileReference; lastKnownFileType = image.png; path = "icon_my_selected@2x.png"; sourceTree = "<group>"; };
		66DAA62619D10AA300D02D89 /* icon_my@2x.png */ = {isa = PBXFileReference; lastKnownFileType = image.png; path = "icon_my@2x.png"; sourceTree = "<group>"; };
		66DAA62919D10AAD00D02D89 /* icon_more_selected@2x.png */ = {isa = PBXFileReference; lastKnownFileType = image.png; path = "icon_more_selected@2x.png"; sourceTree = "<group>"; };
		66DAA62A19D10AAD00D02D89 /* icon_more@2x.png */ = {isa = PBXFileReference; lastKnownFileType = image.png; path = "icon_more@2x.png"; sourceTree = "<group>"; };
		66DAA62E19D10DAC00D02D89 /* TuanViewController.h */ = {isa = PBXFileReference; fileEncoding = 4; lastKnownFileType = sourcecode.c.h; path = TuanViewController.h; sourceTree = "<group>"; };
		66DAA62F19D10DAC00D02D89 /* TuanViewController.m */ = {isa = PBXFileReference; fileEncoding = 4; lastKnownFileType = sourcecode.c.objc; path = TuanViewController.m; sourceTree = "<group>"; };
		66DAA63519D10E1300D02D89 /* NearViewController.h */ = {isa = PBXFileReference; fileEncoding = 4; lastKnownFileType = sourcecode.c.h; path = NearViewController.h; sourceTree = "<group>"; };
		66DAA63619D10E1300D02D89 /* NearViewController.m */ = {isa = PBXFileReference; fileEncoding = 4; lastKnownFileType = sourcecode.c.objc; path = NearViewController.m; sourceTree = "<group>"; };
		66DAA63819D10E1C00D02D89 /* MyViewController.h */ = {isa = PBXFileReference; fileEncoding = 4; lastKnownFileType = sourcecode.c.h; path = MyViewController.h; sourceTree = "<group>"; };
		66DAA63919D10E1C00D02D89 /* MyViewController.m */ = {isa = PBXFileReference; fileEncoding = 4; lastKnownFileType = sourcecode.c.objc; path = MyViewController.m; sourceTree = "<group>"; };
		66DAA63B19D10E2500D02D89 /* MoreViewController.h */ = {isa = PBXFileReference; fileEncoding = 4; lastKnownFileType = sourcecode.c.h; path = MoreViewController.h; sourceTree = "<group>"; };
		66DAA63C19D10E2500D02D89 /* MoreViewController.m */ = {isa = PBXFileReference; fileEncoding = 4; lastKnownFileType = sourcecode.c.objc; path = MoreViewController.m; sourceTree = "<group>"; };
/* End PBXFileReference section */

/* Begin PBXFrameworksBuildPhase section */
		66DAA5D319D0FBF000D02D89 /* Frameworks */ = {
			isa = PBXFrameworksBuildPhase;
			buildActionMask = 2147483647;
			files = (
				66DAA5DC19D0FBF000D02D89 /* CoreGraphics.framework in Frameworks */,
				66DAA5DE19D0FBF000D02D89 /* UIKit.framework in Frameworks */,
				66DAA5DA19D0FBF000D02D89 /* Foundation.framework in Frameworks */,
			);
			runOnlyForDeploymentPostprocessing = 0;
		};
		66DAA5EE19D0FBF000D02D89 /* Frameworks */ = {
			isa = PBXFrameworksBuildPhase;
			buildActionMask = 2147483647;
			files = (
				66DAA5F319D0FBF000D02D89 /* XCTest.framework in Frameworks */,
				66DAA5F519D0FBF000D02D89 /* UIKit.framework in Frameworks */,
				66DAA5F419D0FBF000D02D89 /* Foundation.framework in Frameworks */,
			);
			runOnlyForDeploymentPostprocessing = 0;
		};
/* End PBXFrameworksBuildPhase section */

/* Begin PBXGroup section */
		66DAA5CD19D0FBF000D02D89 = {
			isa = PBXGroup;
			children = (
				66DAA5DF19D0FBF000D02D89 /* LoveLife */,
				66DAA5F819D0FBF000D02D89 /* LoveLifeTests */,
				66DAA5D819D0FBF000D02D89 /* Frameworks */,
				66DAA5D719D0FBF000D02D89 /* Products */,
			);
			sourceTree = "<group>";
		};
		66DAA5D719D0FBF000D02D89 /* Products */ = {
			isa = PBXGroup;
			children = (
				66DAA5D619D0FBF000D02D89 /* LoveLife.app */,
				66DAA5F119D0FBF000D02D89 /* LoveLifeTests.xctest */,
			);
			name = Products;
			sourceTree = "<group>";
		};
		66DAA5D819D0FBF000D02D89 /* Frameworks */ = {
			isa = PBXGroup;
			children = (
				66DAA5D919D0FBF000D02D89 /* Foundation.framework */,
				66DAA5DB19D0FBF000D02D89 /* CoreGraphics.framework */,
				66DAA5DD19D0FBF000D02D89 /* UIKit.framework */,
				66DAA5F219D0FBF000D02D89 /* XCTest.framework */,
			);
			name = Frameworks;
			sourceTree = "<group>";
		};
		66DAA5DF19D0FBF000D02D89 /* LoveLife */ = {
			isa = PBXGroup;
			children = (
				66DAA62D19D10D2500D02D89 /* app */,
				66DAA61819D1088000D02D89 /* lib */,
				66DAA61419D106FF00D02D89 /* resource */,
				66DAA61219D100F200D02D89 /* config */,
				66DAA60819D0FEC400D02D89 /* base */,
				66DAA5EB19D0FBF000D02D89 /* Images.xcassets */,
				66DAA5E019D0FBF000D02D89 /* Supporting Files */,
			);
			path = LoveLife;
			sourceTree = "<group>";
		};
		66DAA5E019D0FBF000D02D89 /* Supporting Files */ = {
			isa = PBXGroup;
			children = (
				66DAA5E119D0FBF000D02D89 /* LoveLife-Info.plist */,
				66DAA5E219D0FBF000D02D89 /* InfoPlist.strings */,
				66DAA5E519D0FBF000D02D89 /* main.m */,
				66DAA5E719D0FBF000D02D89 /* LoveLife-Prefix.pch */,
			);
			name = "Supporting Files";
			sourceTree = "<group>";
		};
		66DAA5F819D0FBF000D02D89 /* LoveLifeTests */ = {
			isa = PBXGroup;
			children = (
				66DAA5FE19D0FBF000D02D89 /* LoveLifeTests.m */,
				66DAA5F919D0FBF000D02D89 /* Supporting Files */,
			);
			path = LoveLifeTests;
			sourceTree = "<group>";
		};
		66DAA5F919D0FBF000D02D89 /* Supporting Files */ = {
			isa = PBXGroup;
			children = (
				66DAA5FA19D0FBF000D02D89 /* LoveLifeTests-Info.plist */,
				66DAA5FB19D0FBF000D02D89 /* InfoPlist.strings */,
			);
			name = "Supporting Files";
			sourceTree = "<group>";
		};
		66DAA60819D0FEC400D02D89 /* base */ = {
			isa = PBXGroup;
			children = (
				66DAA5E819D0FBF000D02D89 /* AppDelegate.h */,
				66DAA5E919D0FBF000D02D89 /* AppDelegate.m */,
				66DAA60919D1004500D02D89 /* BaseNavigationController.h */,
				66DAA60A19D1004500D02D89 /* BaseNavigationController.m */,
				66DAA60C19D100BD00D02D89 /* BaseTabBarController.h */,
				66DAA60D19D100BD00D02D89 /* BaseTabBarController.m */,
				66DAA60F19D100D900D02D89 /* BaseViewController.h */,
				66DAA61019D100D900D02D89 /* BaseViewController.m */,
			);
			name = base;
			sourceTree = "<group>";
		};
		66DAA61219D100F200D02D89 /* config */ = {
			isa = PBXGroup;
			children = (
				66DAA61319D1010800D02D89 /* Global.h */,
			);
			name = config;
			sourceTree = "<group>";
		};
		66DAA61419D106FF00D02D89 /* resource */ = {
			isa = PBXGroup;
			children = (
				66DAA61719D1071600D02D89 /* sound */,
				66DAA61619D1070F00D02D89 /* image */,
				66DAA61519D1070900D02D89 /* icon */,
			);
			name = resource;
			sourceTree = "<group>";
		};
		66DAA61519D1070900D02D89 /* icon */ = {
			isa = PBXGroup;
			children = (
				66DAA62919D10AAD00D02D89 /* icon_more_selected@2x.png */,
				66DAA62A19D10AAD00D02D89 /* icon_more@2x.png */,
				66DAA62519D10AA300D02D89 /* icon_my_selected@2x.png */,
				66DAA62619D10AA300D02D89 /* icon_my@2x.png */,
				66DAA62119D109C600D02D89 /* icon_near_selected@2x.png */,
				66DAA62219D109C600D02D89 /* icon_near@2x.png */,
				66DAA61D19D1094C00D02D89 /* icon_tuangou_selected@2x.png */,
				66DAA61E19D1094C00D02D89 /* icon_tuangou@2x.png */,
			);
			name = icon;
			sourceTree = "<group>";
		};
		66DAA61619D1070F00D02D89 /* image */ = {
			isa = PBXGroup;
			children = (
			);
			name = image;
			sourceTree = "<group>";
		};
		66DAA61719D1071600D02D89 /* sound */ = {
			isa = PBXGroup;
			children = (
			);
			name = sound;
			sourceTree = "<group>";
		};
		66DAA61819D1088000D02D89 /* lib */ = {
			isa = PBXGroup;
			children = (
			);
			name = lib;
			sourceTree = "<group>";
		};
		66DAA62D19D10D2500D02D89 /* app */ = {
			isa = PBXGroup;
			children = (
				66DAA63419D10E0400D02D89 /* more */,
				66DAA63319D10DFF00D02D89 /* my */,
				66DAA63219D10DE100D02D89 /* near */,
				66DAA63119D10DBE00D02D89 /* tuan */,
			);
			name = app;
			sourceTree = "<group>";
		};
		66DAA63119D10DBE00D02D89 /* tuan */ = {
			isa = PBXGroup;
			children = (
				66DAA62E19D10DAC00D02D89 /* TuanViewController.h */,
				66DAA62F19D10DAC00D02D89 /* TuanViewController.m */,
			);
			name = tuan;
			sourceTree = "<group>";
		};
		66DAA63219D10DE100D02D89 /* near */ = {
			isa = PBXGroup;
			children = (
				66DAA63519D10E1300D02D89 /* NearViewController.h */,
				66DAA63619D10E1300D02D89 /* NearViewController.m */,
			);
			name = near;
			sourceTree = "<group>";
		};
		66DAA63319D10DFF00D02D89 /* my */ = {
			isa = PBXGroup;
			children = (
				66DAA63819D10E1C00D02D89 /* MyViewController.h */,
				66DAA63919D10E1C00D02D89 /* MyViewController.m */,
			);
			name = my;
			sourceTree = "<group>";
		};
		66DAA63419D10E0400D02D89 /* more */ = {
			isa = PBXGroup;
			children = (
				66DAA63B19D10E2500D02D89 /* MoreViewController.h */,
				66DAA63C19D10E2500D02D89 /* MoreViewController.m */,
			);
			name = more;
			sourceTree = "<group>";
		};
/* End PBXGroup section */

/* Begin PBXNativeTarget section */
		66DAA5D519D0FBF000D02D89 /* LoveLife */ = {
			isa = PBXNativeTarget;
			buildConfigurationList = 66DAA60219D0FBF000D02D89 /* Build configuration list for PBXNativeTarget "LoveLife" */;
			buildPhases = (
				66DAA5D219D0FBF000D02D89 /* Sources */,
				66DAA5D319D0FBF000D02D89 /* Frameworks */,
				66DAA5D419D0FBF000D02D89 /* Resources */,
			);
			buildRules = (
			);
			dependencies = (
			);
			name = LoveLife;
			productName = LoveLife;
			productReference = 66DAA5D619D0FBF000D02D89 /* LoveLife.app */;
			productType = "com.apple.product-type.application";
		};
		66DAA5F019D0FBF000D02D89 /* LoveLifeTests */ = {
			isa = PBXNativeTarget;
			buildConfigurationList = 66DAA60519D0FBF000D02D89 /* Build configuration list for PBXNativeTarget "LoveLifeTests" */;
			buildPhases = (
				66DAA5ED19D0FBF000D02D89 /* Sources */,
				66DAA5EE19D0FBF000D02D89 /* Frameworks */,
				66DAA5EF19D0FBF000D02D89 /* Resources */,
			);
			buildRules = (
			);
			dependencies = (
				66DAA5F719D0FBF000D02D89 /* PBXTargetDependency */,
			);
			name = LoveLifeTests;
			productName = LoveLifeTests;
			productReference = 66DAA5F119D0FBF000D02D89 /* LoveLifeTests.xctest */;
			productType = "com.apple.product-type.bundle.unit-test";
		};
/* End PBXNativeTarget section */

/* Begin PBXProject section */
		66DAA5CE19D0FBF000D02D89 /* Project object */ = {
			isa = PBXProject;
			attributes = {
				LastUpgradeCheck = 0510;
				ORGANIZATIONNAME = com.zhouxingxing.www;
				TargetAttributes = {
					66DAA5F019D0FBF000D02D89 = {
						TestTargetID = 66DAA5D519D0FBF000D02D89;
					};
				};
			};
			buildConfigurationList = 66DAA5D119D0FBF000D02D89 /* Build configuration list for PBXProject "LoveLife" */;
			compatibilityVersion = "Xcode 3.2";
			developmentRegion = English;
			hasScannedForEncodings = 0;
			knownRegions = (
				en,
			);
			mainGroup = 66DAA5CD19D0FBF000D02D89;
			productRefGroup = 66DAA5D719D0FBF000D02D89 /* Products */;
			projectDirPath = "";
			projectRoot = "";
			targets = (
				66DAA5D519D0FBF000D02D89 /* LoveLife */,
				66DAA5F019D0FBF000D02D89 /* LoveLifeTests */,
			);
		};
/* End PBXProject section */

/* Begin PBXResourcesBuildPhase section */
		66DAA5D419D0FBF000D02D89 /* Resources */ = {
			isa = PBXResourcesBuildPhase;
			buildActionMask = 2147483647;
			files = (
				66DAA61F19D1094C00D02D89 /* icon_tuangou_selected@2x.png in Resources */,
				66DAA62819D10AA300D02D89 /* icon_my@2x.png in Resources */,
				66DAA62319D109C600D02D89 /* icon_near_selected@2x.png in Resources */,
				66DAA62719D10AA300D02D89 /* icon_my_selected@2x.png in Resources */,
				66DAA5E419D0FBF000D02D89 /* InfoPlist.strings in Resources */,
				66DAA5EC19D0FBF000D02D89 /* Images.xcassets in Resources */,
				66DAA62019D1094C00D02D89 /* icon_tuangou@2x.png in Resources */,
				66DAA62B19D10AAD00D02D89 /* icon_more_selected@2x.png in Resources */,
				66DAA62C19D10AAD00D02D89 /* icon_more@2x.png in Resources */,
				66DAA62419D109C600D02D89 /* icon_near@2x.png in Resources */,
			);
			runOnlyForDeploymentPostprocessing = 0;
		};
		66DAA5EF19D0FBF000D02D89 /* Resources */ = {
			isa = PBXResourcesBuildPhase;
			buildActionMask = 2147483647;
			files = (
				66DAA5FD19D0FBF000D02D89 /* InfoPlist.strings in Resources */,
			);
			runOnlyForDeploymentPostprocessing = 0;
		};
/* End PBXResourcesBuildPhase section */

/* Begin PBXSourcesBuildPhase section */
		66DAA5D219D0FBF000D02D89 /* Sources */ = {
			isa = PBXSourcesBuildPhase;
			buildActionMask = 2147483647;
			files = (
				66DAA63719D10E1300D02D89 /* NearViewController.m in Sources */,
				66DAA60E19D100BD00D02D89 /* BaseTabBarController.m in Sources */,
				66DAA63A19D10E1C00D02D89 /* MyViewController.m in Sources */,
				66DAA61119D100D900D02D89 /* BaseViewController.m in Sources */,
				66DAA63D19D10E2500D02D89 /* MoreViewController.m in Sources */,
				66DAA63019D10DAC00D02D89 /* TuanViewController.m in Sources */,
				66DAA5EA19D0FBF000D02D89 /* AppDelegate.m in Sources */,
				66DAA5E619D0FBF000D02D89 /* main.m in Sources */,
				66DAA60B19D1004500D02D89 /* BaseNavigationController.m in Sources */,
			);
			runOnlyForDeploymentPostprocessing = 0;
		};
		66DAA5ED19D0FBF000D02D89 /* Sources */ = {
			isa = PBXSourcesBuildPhase;
			buildActionMask = 2147483647;
			files = (
				66DAA5FF19D0FBF000D02D89 /* LoveLifeTests.m in Sources */,
			);
			runOnlyForDeploymentPostprocessing = 0;
		};
/* End PBXSourcesBuildPhase section */

/* Begin PBXTargetDependency section */
		66DAA5F719D0FBF000D02D89 /* PBXTargetDependency */ = {
			isa = PBXTargetDependency;
			target = 66DAA5D519D0FBF000D02D89 /* LoveLife */;
			targetProxy = 66DAA5F619D0FBF000D02D89 /* PBXContainerItemProxy */;
		};
/* End PBXTargetDependency section */

/* Begin PBXVariantGroup section */
		66DAA5E219D0FBF000D02D89 /* InfoPlist.strings */ = {
			isa = PBXVariantGroup;
			children = (
				66DAA5E319D0FBF000D02D89 /* en */,
			);
			name = InfoPlist.strings;
			sourceTree = "<group>";
		};
		66DAA5FB19D0FBF000D02D89 /* InfoPlist.strings */ = {
			isa = PBXVariantGroup;
			children = (
				66DAA5FC19D0FBF000D02D89 /* en */,
			);
			name = InfoPlist.strings;
			sourceTree = "<group>";
		};
/* End PBXVariantGroup section */

/* Begin XCBuildConfiguration section */
		66DAA60019D0FBF000D02D89 /* Debug */ = {
			isa = XCBuildConfiguration;
			buildSettings = {
				ALWAYS_SEARCH_USER_PATHS = NO;
				CLANG_CXX_LANGUAGE_STANDARD = "gnu++0x";
				CLANG_CXX_LIBRARY = "libc++";
				CLANG_ENABLE_MODULES = YES;
				CLANG_ENABLE_OBJC_ARC = YES;
				CLANG_WARN_BOOL_CONVERSION = YES;
				CLANG_WARN_CONSTANT_CONVERSION = YES;
				CLANG_WARN_DIRECT_OBJC_ISA_USAGE = YES_ERROR;
				CLANG_WARN_EMPTY_BODY = YES;
				CLANG_WARN_ENUM_CONVERSION = YES;
				CLANG_WARN_INT_CONVERSION = YES;
				CLANG_WARN_OBJC_ROOT_CLASS = YES_ERROR;
				CLANG_WARN__DUPLICATE_METHOD_MATCH = YES;
				"CODE_SIGN_IDENTITY[sdk=iphoneos*]" = "iPhone Developer";
				COPY_PHASE_STRIP = NO;
				GCC_C_LANGUAGE_STANDARD = gnu99;
				GCC_DYNAMIC_NO_PIC = NO;
				GCC_OPTIMIZATION_LEVEL = 0;
				GCC_PREPROCESSOR_DEFINITIONS = (
					"DEBUG=1",
					"$(inherited)",
				);
				GCC_SYMBOLS_PRIVATE_EXTERN = NO;
				GCC_WARN_64_TO_32_BIT_CONVERSION = YES;
				GCC_WARN_ABOUT_RETURN_TYPE = YES_ERROR;
				GCC_WARN_UNDECLARED_SELECTOR = YES;
				GCC_WARN_UNINITIALIZED_AUTOS = YES_AGGRESSIVE;
				GCC_WARN_UNUSED_FUNCTION = YES;
				GCC_WARN_UNUSED_VARIABLE = YES;
				IPHONEOS_DEPLOYMENT_TARGET = 7.1;
				ONLY_ACTIVE_ARCH = YES;
				SDKROOT = iphoneos;
			};
			name = Debug;
		};
		66DAA60119D0FBF000D02D89 /* Release */ = {
			isa = XCBuildConfiguration;
			buildSettings = {
				ALWAYS_SEARCH_USER_PATHS = NO;
				CLANG_CXX_LANGUAGE_STANDARD = "gnu++0x";
				CLANG_CXX_LIBRARY = "libc++";
				CLANG_ENABLE_MODULES = YES;
				CLANG_ENABLE_OBJC_ARC = YES;
				CLANG_WARN_BOOL_CONVERSION = YES;
				CLANG_WARN_CONSTANT_CONVERSION = YES;
				CLANG_WARN_DIRECT_OBJC_ISA_USAGE = YES_ERROR;
				CLANG_WARN_EMPTY_BODY = YES;
				CLANG_WARN_ENUM_CONVERSION = YES;
				CLANG_WARN_INT_CONVERSION = YES;
				CLANG_WARN_OBJC_ROOT_CLASS = YES_ERROR;
				CLANG_WARN__DUPLICATE_METHOD_MATCH = YES;
				"CODE_SIGN_IDENTITY[sdk=iphoneos*]" = "iPhone Developer";
				COPY_PHASE_STRIP = YES;
				ENABLE_NS_ASSERTIONS = NO;
				GCC_C_LANGUAGE_STANDARD = gnu99;
				GCC_WARN_64_TO_32_BIT_CONVERSION = YES;
				GCC_WARN_ABOUT_RETURN_TYPE = YES_ERROR;
				GCC_WARN_UNDECLARED_SELECTOR = YES;
				GCC_WARN_UNINITIALIZED_AUTOS = YES_AGGRESSIVE;
				GCC_WARN_UNUSED_FUNCTION = YES;
				GCC_WARN_UNUSED_VARIABLE = YES;
				IPHONEOS_DEPLOYMENT_TARGET = 7.1;
				SDKROOT = iphoneos;
				VALIDATE_PRODUCT = YES;
			};
			name = Release;
		};
		66DAA60319D0FBF000D02D89 /* Debug */ = {
			isa = XCBuildConfiguration;
			buildSettings = {
				ASSETCATALOG_COMPILER_APPICON_NAME = AppIcon;
				ASSETCATALOG_COMPILER_LAUNCHIMAGE_NAME = LaunchImage;
				GCC_PRECOMPILE_PREFIX_HEADER = YES;
				GCC_PREFIX_HEADER = "LoveLife/LoveLife-Prefix.pch";
				INFOPLIST_FILE = "LoveLife/LoveLife-Info.plist";
				PRODUCT_NAME = "$(TARGET_NAME)";
				WRAPPER_EXTENSION = app;
			};
			name = Debug;
		};
		66DAA60419D0FBF000D02D89 /* Release */ = {
			isa = XCBuildConfiguration;
			buildSettings = {
				ASSETCATALOG_COMPILER_APPICON_NAME = AppIcon;
				ASSETCATALOG_COMPILER_LAUNCHIMAGE_NAME = LaunchImage;
				GCC_PRECOMPILE_PREFIX_HEADER = YES;
				GCC_PREFIX_HEADER = "LoveLife/LoveLife-Prefix.pch";
				INFOPLIST_FILE = "LoveLife/LoveLife-Info.plist";
				PRODUCT_NAME = "$(TARGET_NAME)";
				WRAPPER_EXTENSION = app;
			};
			name = Release;
		};
		66DAA60619D0FBF000D02D89 /* Debug */ = {
			isa = XCBuildConfiguration;
			buildSettings = {
				BUNDLE_LOADER = "$(BUILT_PRODUCTS_DIR)/LoveLife.app/LoveLife";
				FRAMEWORK_SEARCH_PATHS = (
					"$(SDKROOT)/Developer/Library/Frameworks",
					"$(inherited)",
					"$(DEVELOPER_FRAMEWORKS_DIR)",
				);
				GCC_PRECOMPILE_PREFIX_HEADER = YES;
				GCC_PREFIX_HEADER = "LoveLife/LoveLife-Prefix.pch";
				GCC_PREPROCESSOR_DEFINITIONS = (
					"DEBUG=1",
					"$(inherited)",
				);
				INFOPLIST_FILE = "LoveLifeTests/LoveLifeTests-Info.plist";
				PRODUCT_NAME = "$(TARGET_NAME)";
				TEST_HOST = "$(BUNDLE_LOADER)";
				WRAPPER_EXTENSION = xctest;
			};
			name = Debug;
		};
		66DAA60719D0FBF000D02D89 /* Release */ = {
			isa = XCBuildConfiguration;
			buildSettings = {
				BUNDLE_LOADER = "$(BUILT_PRODUCTS_DIR)/LoveLife.app/LoveLife";
				FRAMEWORK_SEARCH_PATHS = (
					"$(SDKROOT)/Developer/Library/Frameworks",
					"$(inherited)",
					"$(DEVELOPER_FRAMEWORKS_DIR)",
				);
				GCC_PRECOMPILE_PREFIX_HEADER = YES;
				GCC_PREFIX_HEADER = "LoveLife/LoveLife-Prefix.pch";
				INFOPLIST_FILE = "LoveLifeTests/LoveLifeTests-Info.plist";
				PRODUCT_NAME = "$(TARGET_NAME)";
				TEST_HOST = "$(BUNDLE_LOADER)";
				WRAPPER_EXTENSION = xctest;
			};
			name = Release;
		};
/* End XCBuildConfiguration section */

/* Begin XCConfigurationList section */
		66DAA5D119D0FBF000D02D89 /* Build configuration list for PBXProject "LoveLife" */ = {
			isa = XCConfigurationList;
			buildConfigurations = (
				66DAA60019D0FBF000D02D89 /* Debug */,
				66DAA60119D0FBF000D02D89 /* Release */,
			);
			defaultConfigurationIsVisible = 0;
			defaultConfigurationName = Release;
		};
		66DAA60219D0FBF000D02D89 /* Build configuration list for PBXNativeTarget "LoveLife" */ = {
			isa = XCConfigurationList;
			buildConfigurations = (
				66DAA60319D0FBF000D02D89 /* Debug */,
				66DAA60419D0FBF000D02D89 /* Release */,
			);
			defaultConfigurationIsVisible = 0;
		};
		66DAA60519D0FBF000D02D89 /* Build configuration list for PBXNativeTarget "LoveLifeTests" */ = {
			isa = XCConfigurationList;
			buildConfigurations = (
				66DAA60619D0FBF000D02D89 /* Debug */,
				66DAA60719D0FBF000D02D89 /* Release */,
			);
			defaultConfigurationIsVisible = 0;
		};
/* End XCConfigurationList section */
	};
	rootObject = 66DAA5CE19D0FBF000D02D89 /* Project object */;
}
